{
  "requires": true,
  "lockfileVersion": 1,
  "dependencies": {
    "cloudinary-core": {
      "version": "2.12.0",
      "resolved": "https://registry.npmjs.org/cloudinary-core/-/cloudinary-core-2.12.0.tgz",
      "integrity": "sha512-EXvnWuq3Ah6pZHB2vEfkrJ4tCGlccZo3xsmt1f+bmrB53jU42ZrnX+v8xKRMot9c/STSO7GPbxbhJQ/z/xRazg=="
    },
    "cloudinary-vue": {
      "version": "1.2.3",
      "resolved": "https://registry.npmjs.org/cloudinary-vue/-/cloudinary-vue-1.2.3.tgz",
      "integrity": "sha512-KC3FQkfO2CW2kN6jCBQGX1k+s9hVW3YWF0IUS4Osbo+DK8/OSDXQ6iNy0NX2275wVTW5HXCCcXVq0gqOH5myfg==",
      "requires": {
        "cloudinary-core": "^2.10.3"
      }
    },
    "vue-router": {
      "version": "3.5.2",
      "resolved": "https://registry.npmjs.org/vue-router/-/vue-router-3.5.2.tgz",
      "integrity": "sha512-807gn82hTnjCYGrnF3eNmIw/dk7/GE4B5h69BlyCK9KHASwSloD1Sjcn06zg9fVG4fYH2DrsNBZkpLtb25WtaQ=="
    }
  }
}
